
Microsoft Visual Studio Solution File, Format Version 12.00
# Visual Studio 2012
Project("{FAE04EC0-301F-11D3-BF4B-00C04F79EFBC}") = "consolaArchivos", "consolaArchivos\consolaArchivos.csproj", "{34EAD116-67D1-4A2D-9D7C-830B9EB0F6EE}"
EndProject
Project("{FAE04EC0-301F-11D3-BF4B-00C04F79EFBC}") = "UIGuardador", "UIGuardador\UIGuardador.csproj", "{CF26ED99-0A00-457A-A530-B544ADB4DFF9}"
EndProject
Global
	GlobalSection(SolutionConfigurationPlatforms) = preSolution
		Debug|Any CPU = Debug|Any CPU
		Release|Any CPU = Release|Any CPU
	EndGlobalSection
	GlobalSection(ProjectConfigurationPlatforms) = postSolution
		{34EAD116-67D1-4A2D-9D7C-830B9EB0F6EE}.Debug|Any CPU.ActiveCfg = Debug|Any CPU
		{34EAD116-67D1-4A2D-9D7C-830B9EB0F6EE}.Debug|Any CPU.Build.0 = Debug|Any CPU
		{34EAD116-67D1-4A2D-9D7C-830B9EB0F6EE}.Release|Any CPU.ActiveCfg = Release|Any CPU
		{34EAD116-67D1-4A2D-9D7C-830B9EB0F6EE}.Release|Any CPU.Build.0 = Release|Any CPU
		{CF26ED99-0A00-457A-A530-B544ADB4DFF9}.Debug|Any CPU.ActiveCfg = Debug|Any CPU
		{CF26ED99-0A00-457A-A530-B544ADB4DFF9}.Debug|Any CPU.Build.0 = Debug|Any CPU
		{CF26ED99-0A00-457A-A530-B544ADB4DFF9}.Release|Any CPU.ActiveCfg = Release|Any CPU
		{CF26ED99-0A00-457A-A530-B544ADB4DFF9}.Release|Any CPU.Build.0 = Release|Any CPU
	EndGlobalSection
	GlobalSection(SolutionProperties) = preSolution
		HideSolutionNode = FALSE
	EndGlobalSection
EndGlobal
