
Microsoft Visual Studio Solution File, Format Version 12.00
# Visual Studio 2012
Project("{FAE04EC0-301F-11D3-BF4B-00C04F79EFBC}") = "ejercicio21", "ejercicio21\ejercicio21.csproj", "{0F171517-E132-4188-8976-49F00D915498}"
EndProject
Global
	GlobalSection(SolutionConfigurationPlatforms) = preSolution
		Debug|Any CPU = Debug|Any CPU
		Release|Any CPU = Release|Any CPU
	EndGlobalSection
	GlobalSection(ProjectConfigurationPlatforms) = postSolution
		{0F171517-E132-4188-8976-49F00D915498}.Debug|Any CPU.ActiveCfg = Debug|Any CPU
		{0F171517-E132-4188-8976-49F00D915498}.Debug|Any CPU.Build.0 = Debug|Any CPU
		{0F171517-E132-4188-8976-49F00D915498}.Release|Any CPU.ActiveCfg = Release|Any CPU
		{0F171517-E132-4188-8976-49F00D915498}.Release|Any CPU.Build.0 = Release|Any CPU
	EndGlobalSection
	GlobalSection(SolutionProperties) = preSolution
		HideSolutionNode = FALSE
	EndGlobalSection
EndGlobal
