
Microsoft Visual Studio Solution File, Format Version 12.00
# Visual Studio 2012
Project("{FAE04EC0-301F-11D3-BF4B-00C04F79EFBC}") = "solucionTP3", "solucionTP3\solucionTP3.csproj", "{61170972-2E96-466E-B305-6B789EF2CB20}"
EndProject
Global
	GlobalSection(SolutionConfigurationPlatforms) = preSolution
		Debug|Any CPU = Debug|Any CPU
		Release|Any CPU = Release|Any CPU
	EndGlobalSection
	GlobalSection(ProjectConfigurationPlatforms) = postSolution
		{61170972-2E96-466E-B305-6B789EF2CB20}.Debug|Any CPU.ActiveCfg = Debug|Any CPU
		{61170972-2E96-466E-B305-6B789EF2CB20}.Debug|Any CPU.Build.0 = Debug|Any CPU
		{61170972-2E96-466E-B305-6B789EF2CB20}.Release|Any CPU.ActiveCfg = Release|Any CPU
		{61170972-2E96-466E-B305-6B789EF2CB20}.Release|Any CPU.Build.0 = Release|Any CPU
	EndGlobalSection
	GlobalSection(SolutionProperties) = preSolution
		HideSolutionNode = FALSE
	EndGlobalSection
EndGlobal
